
Microsoft Visual Studio Solution File, Format Version 12.00
# Visual Studio Version 17
VisualStudioVersion = 17.9.34616.47
MinimumVisualStudioVersion = 10.0.40219.1
Project("{9A19103F-16F7-4668-BE54-9A1E7A4F7556}") = "FullTextSearchQuery", "FullTextSearchQuery\FullTextSearchQuery.csproj", "{83D6C55B-AE86-4DE7-A830-5E7586AB730E}"
EndProject
Project("{FAE04EC0-301F-11D3-BF4B-00C04F79EFBC}") = "FullTextSearchQueryApp", "FullTextSearchQueryApp\FullTextSearchQueryApp.csproj", "{5CC6BE3B-D3FE-4ADA-BE8E-C17ED12D739A}"
EndProject
Project("{FAE04EC0-301F-11D3-BF4B-00C04F79EFBC}") = "FullTextSearchQueryTests", "FullTextSearchQueryTests\FullTextSearchQueryTests.csproj", "{6EB85562-2682-4798-A434-38240B498E25}"
EndProject
Global
	GlobalSection(SolutionConfigurationPlatforms) = preSolution
		Debug|Any CPU = Debug|Any CPU
		Release|Any CPU = Release|Any CPU
	EndGlobalSection
	GlobalSection(ProjectConfigurationPlatforms) = postSolution
		{83D6C55B-AE86-4DE7-A830-5E7586AB730E}.Debug|Any CPU.ActiveCfg = Debug|Any CPU
		{83D6C55B-AE86-4DE7-A830-5E7586AB730E}.Debug|Any CPU.Build.0 = Debug|Any CPU
		{83D6C55B-AE86-4DE7-A830-5E7586AB730E}.Release|Any CPU.ActiveCfg = Release|Any CPU
		{83D6C55B-AE86-4DE7-A830-5E7586AB730E}.Release|Any CPU.Build.0 = Release|Any CPU
		{5CC6BE3B-D3FE-4ADA-BE8E-C17ED12D739A}.Debug|Any CPU.ActiveCfg = Debug|Any CPU
		{5CC6BE3B-D3FE-4ADA-BE8E-C17ED12D739A}.Debug|Any CPU.Build.0 = Debug|Any CPU
		{5CC6BE3B-D3FE-4ADA-BE8E-C17ED12D739A}.Release|Any CPU.ActiveCfg = Release|Any CPU
		{5CC6BE3B-D3FE-4ADA-BE8E-C17ED12D739A}.Release|Any CPU.Build.0 = Release|Any CPU
		{6EB85562-2682-4798-A434-38240B498E25}.Debug|Any CPU.ActiveCfg = Debug|Any CPU
		{6EB85562-2682-4798-A434-38240B498E25}.Debug|Any CPU.Build.0 = Debug|Any CPU
		{6EB85562-2682-4798-A434-38240B498E25}.Release|Any CPU.ActiveCfg = Release|Any CPU
		{6EB85562-2682-4798-A434-38240B498E25}.Release|Any CPU.Build.0 = Release|Any CPU
	EndGlobalSection
	GlobalSection(SolutionProperties) = preSolution
		HideSolutionNode = FALSE
	EndGlobalSection
	GlobalSection(ExtensibilityGlobals) = postSolution
		SolutionGuid = {FEA4CAA6-FDD4-4CF5-995F-0DE294FA7903}
	EndGlobalSection
EndGlobal
